// !$*UTF8*$!
{
	archiveVersion = 1;
	classes = {
	};
	objectVersion = 55;
	objects = {

/* Begin PBXBuildFile section */
		188A5E7F2C412F720028D9E5 /* Weatherdetails.swift in Sources */ = {isa = PBXBuildFile; fileRef = 188A5E7D2C412F720028D9E5 /* Weatherdetails.swift */; };
		188A5E802C412F720028D9E5 /* Weatherdetails.xib in Resources */ = {isa = PBXBuildFile; fileRef = 188A5E7E2C412F720028D9E5 /* Weatherdetails.xib */; };
		189058572C410BF800401FA2 /* AppDelegate.swift in Sources */ = {isa = PBXBuildFile; fileRef = 189058562C410BF800401FA2 /* AppDelegate.swift */; };
		189058592C410BF800401FA2 /* SceneDelegate.swift in Sources */ = {isa = PBXBuildFile; fileRef = 189058582C410BF800401FA2 /* SceneDelegate.swift */; };
		1890585B2C410BF800401FA2 /* ViewController.swift in Sources */ = {isa = PBXBuildFile; fileRef = 1890585A2C410BF800401FA2 /* ViewController.swift */; };
		1890585E2C410BF800401FA2 /* Main.storyboard in Resources */ = {isa = PBXBuildFile; fileRef = 1890585C2C410BF800401FA2 /* Main.storyboard */; };
		189058602C410BFF00401FA2 /* Assets.xcassets in Resources */ = {isa = PBXBuildFile; fileRef = 1890585F2C410BFF00401FA2 /* Assets.xcassets */; };
		189058632C410BFF00401FA2 /* LaunchScreen.storyboard in Resources */ = {isa = PBXBuildFile; fileRef = 189058612C410BFF00401FA2 /* LaunchScreen.storyboard */; };
		189058702C41126100401FA2 /* Weather.swift in Sources */ = {isa = PBXBuildFile; fileRef = 1890586F2C41126100401FA2 /* Weather.swift */; };
		189058722C4112B700401FA2 /* API_Manager.swift in Sources */ = {isa = PBXBuildFile; fileRef = 189058712C4112B700401FA2 /* API_Manager.swift */; };
		BE065FEDE3819FBA7C714108 /* Pods_Weather.framework in Frameworks */ = {isa = PBXBuildFile; fileRef = 2B3CBD4C8ADD3DD5179BA349 /* Pods_Weather.framework */; };
/* End PBXBuildFile section */

/* Begin PBXFileReference section */
		15293FDFBE014A8422F2F602 /* Pods-Weather.debug.xcconfig */ = {isa = PBXFileReference; includeInIndex = 1; lastKnownFileType = text.xcconfig; name = "Pods-Weather.debug.xcconfig"; path = "Target Support Files/Pods-Weather/Pods-Weather.debug.xcconfig"; sourceTree = "<group>"; };
		188A5E7D2C412F720028D9E5 /* Weatherdetails.swift */ = {isa = PBXFileReference; lastKnownFileType = sourcecode.swift; path = Weatherdetails.swift; sourceTree = "<group>"; };
		188A5E7E2C412F720028D9E5 /* Weatherdetails.xib */ = {isa = PBXFileReference; lastKnownFileType = file.xib; path = Weatherdetails.xib; sourceTree = "<group>"; };
		189058532C410BF800401FA2 /* Weather.app */ = {isa = PBXFileReference; explicitFileType = wrapper.application; includeInIndex = 0; path = Weather.app; sourceTree = BUILT_PRODUCTS_DIR; };
		189058562C410BF800401FA2 /* AppDelegate.swift */ = {isa = PBXFileReference; lastKnownFileType = sourcecode.swift; path = AppDelegate.swift; sourceTree = "<group>"; };
		189058582C410BF800401FA2 /* SceneDelegate.swift */ = {isa = PBXFileReference; lastKnownFileType = sourcecode.swift; path = SceneDelegate.swift; sourceTree = "<group>"; };
		1890585A2C410BF800401FA2 /* ViewController.swift */ = {isa = PBXFileReference; lastKnownFileType = sourcecode.swift; path = ViewController.swift; sourceTree = "<group>"; };
		1890585D2C410BF800401FA2 /* Base */ = {isa = PBXFileReference; lastKnownFileType = file.storyboard; name = Base; path = Base.lproj/Main.storyboard; sourceTree = "<group>"; };
		1890585F2C410BFF00401FA2 /* Assets.xcassets */ = {isa = PBXFileReference; lastKnownFileType = folder.assetcatalog; path = Assets.xcassets; sourceTree = "<group>"; };
		189058622C410BFF00401FA2 /* Base */ = {isa = PBXFileReference; lastKnownFileType = file.storyboard; name = Base; path = Base.lproj/LaunchScreen.storyboard; sourceTree = "<group>"; };
		189058642C410BFF00401FA2 /* Info.plist */ = {isa = PBXFileReference; lastKnownFileType = text.plist.xml; path = Info.plist; sourceTree = "<group>"; };
		1890586F2C41126100401FA2 /* Weather.swift */ = {isa = PBXFileReference; lastKnownFileType = sourcecode.swift; path = Weather.swift; sourceTree = "<group>"; };
		189058712C4112B700401FA2 /* API_Manager.swift */ = {isa = PBXFileReference; lastKnownFileType = sourcecode.swift; path = API_Manager.swift; sourceTree = "<group>"; };
		2B3CBD4C8ADD3DD5179BA349 /* Pods_Weather.framework */ = {isa = PBXFileReference; explicitFileType = wrapper.framework; includeInIndex = 0; path = Pods_Weather.framework; sourceTree = BUILT_PRODUCTS_DIR; };
		8FBB237E309061C721FC42EA /* Pods-Weather.release.xcconfig */ = {isa = PBXFileReference; includeInIndex = 1; lastKnownFileType = text.xcconfig; name = "Pods-Weather.release.xcconfig"; path = "Target Support Files/Pods-Weather/Pods-Weather.release.xcconfig"; sourceTree = "<group>"; };
/* End PBXFileReference section */

/* Begin PBXFrameworksBuildPhase section */
		189058502C410BF800401FA2 /* Frameworks */ = {
			isa = PBXFrameworksBuildPhase;
			buildActionMask = 2147483647;
			files = (
				BE065FEDE3819FBA7C714108 /* Pods_Weather.framework in Frameworks */,
			);
			runOnlyForDeploymentPostprocessing = 0;
		};
/* End PBXFrameworksBuildPhase section */

/* Begin PBXGroup section */
		068AE7B1C62D522339E23397 /* Pods */ = {
			isa = PBXGroup;
			children = (
				15293FDFBE014A8422F2F602 /* Pods-Weather.debug.xcconfig */,
				8FBB237E309061C721FC42EA /* Pods-Weather.release.xcconfig */,
			);
			name = Pods;
			path = Pods;
			sourceTree = "<group>";
		};
		1890584A2C410BF800401FA2 = {
			isa = PBXGroup;
			children = (
				189058552C410BF800401FA2 /* Weather */,
				189058542C410BF800401FA2 /* Products */,
				068AE7B1C62D522339E23397 /* Pods */,
				63A90577A6132508B0D4423D /* Frameworks */,
			);
			sourceTree = "<group>";
		};
		189058542C410BF800401FA2 /* Products */ = {
			isa = PBXGroup;
			children = (
				189058532C410BF800401FA2 /* Weather.app */,
			);
			name = Products;
			sourceTree = "<group>";
		};
		189058552C410BF800401FA2 /* Weather */ = {
			isa = PBXGroup;
			children = (
				189058562C410BF800401FA2 /* AppDelegate.swift */,
				189058582C410BF800401FA2 /* SceneDelegate.swift */,
				1890586E2C41104E00401FA2 /* Tableview */,
				1890586A2C410F8200401FA2 /* Model */,
				1890586B2C410F8C00401FA2 /* API_Manager */,
				1890586C2C410F9C00401FA2 /* Controller */,
				1890586D2C41103C00401FA2 /* StoryBoard */,
				1890585F2C410BFF00401FA2 /* Assets.xcassets */,
				189058642C410BFF00401FA2 /* Info.plist */,
			);
			path = Weather;
			sourceTree = "<group>";
		};
		1890586A2C410F8200401FA2 /* Model */ = {
			isa = PBXGroup;
			children = (
				1890586F2C41126100401FA2 /* Weather.swift */,
			);
			path = Model;
			sourceTree = "<group>";
		};
		1890586B2C410F8C00401FA2 /* API_Manager */ = {
			isa = PBXGroup;
			children = (
				189058712C4112B700401FA2 /* API_Manager.swift */,
			);
			path = API_Manager;
			sourceTree = "<group>";
		};
		1890586C2C410F9C00401FA2 /* Controller */ = {
			isa = PBXGroup;
			children = (
				1890585A2C410BF800401FA2 /* ViewController.swift */,
			);
			path = Controller;
			sourceTree = "<group>";
		};
		1890586D2C41103C00401FA2 /* StoryBoard */ = {
			isa = PBXGroup;
			children = (
				1890585C2C410BF800401FA2 /* Main.storyboard */,
				189058612C410BFF00401FA2 /* LaunchScreen.storyboard */,
			);
			path = StoryBoard;
			sourceTree = "<group>";
		};
		1890586E2C41104E00401FA2 /* Tableview */ = {
			isa = PBXGroup;
			children = (
				188A5E7D2C412F720028D9E5 /* Weatherdetails.swift */,
				188A5E7E2C412F720028D9E5 /* Weatherdetails.xib */,
			);
			path = Tableview;
			sourceTree = "<group>";
		};
		63A90577A6132508B0D4423D /* Frameworks */ = {
			isa = PBXGroup;
			children = (
				2B3CBD4C8ADD3DD5179BA349 /* Pods_Weather.framework */,
			);
			name = Frameworks;
			sourceTree = "<group>";
		};
/* End PBXGroup section */

/* Begin PBXNativeTarget section */
		189058522C410BF800401FA2 /* Weather */ = {
			isa = PBXNativeTarget;
			buildConfigurationList = 189058672C410BFF00401FA2 /* Build configuration list for PBXNativeTarget "Weather" */;
			buildPhases = (
				3B862C4D5A018C861936ED09 /* [CP] Check Pods Manifest.lock */,
				1890584F2C410BF800401FA2 /* Sources */,
				189058502C410BF800401FA2 /* Frameworks */,
				189058512C410BF800401FA2 /* Resources */,
				25E3D8BD561745182ADFC76F /* [CP] Embed Pods Frameworks */,
			);
			buildRules = (
			);
			dependencies = (
			);
			name = Weather;
			productName = Weather;
			productReference = 189058532C410BF800401FA2 /* Weather.app */;
			productType = "com.apple.product-type.application";
		};
/* End PBXNativeTarget section */

/* Begin PBXProject section */
		1890584B2C410BF800401FA2 /* Project object */ = {
			isa = PBXProject;
			attributes = {
				BuildIndependentTargetsInParallel = 1;
				LastSwiftUpdateCheck = 1330;
				LastUpgradeCheck = 1330;
				TargetAttributes = {
					189058522C410BF800401FA2 = {
						CreatedOnToolsVersion = 13.3.1;
					};
				};
			};
			buildConfigurationList = 1890584E2C410BF800401FA2 /* Build configuration list for PBXProject "Weather" */;
			compatibilityVersion = "Xcode 13.0";
			developmentRegion = en;
			hasScannedForEncodings = 0;
			knownRegions = (
				en,
				Base,
			);
			mainGroup = 1890584A2C410BF800401FA2;
			productRefGroup = 189058542C410BF800401FA2 /* Products */;
			projectDirPath = "";
			projectRoot = "";
			targets = (
				189058522C410BF800401FA2 /* Weather */,
			);
		};
/* End PBXProject section */

/* Begin PBXResourcesBuildPhase section */
		189058512C410BF800401FA2 /* Resources */ = {
			isa = PBXResourcesBuildPhase;
			buildActionMask = 2147483647;
			files = (
				189058632C410BFF00401FA2 /* LaunchScreen.storyboard in Resources */,
				188A5E802C412F720028D9E5 /* Weatherdetails.xib in Resources */,
				189058602C410BFF00401FA2 /* Assets.xcassets in Resources */,
				1890585E2C410BF800401FA2 /* Main.storyboard in Resources */,
			);
			runOnlyForDeploymentPostprocessing = 0;
		};
/* End PBXResourcesBuildPhase section */

/* Begin PBXShellScriptBuildPhase section */
		25E3D8BD561745182ADFC76F /* [CP] Embed Pods Frameworks */ = {
			isa = PBXShellScriptBuildPhase;
			buildActionMask = 2147483647;
			files = (
			);
			inputFileListPaths = (
				"${PODS_ROOT}/Target Support Files/Pods-Weather/Pods-Weather-frameworks-${CONFIGURATION}-input-files.xcfilelist",
			);
			name = "[CP] Embed Pods Frameworks";
			outputFileListPaths = (
				"${PODS_ROOT}/Target Support Files/Pods-Weather/Pods-Weather-frameworks-${CONFIGURATION}-output-files.xcfilelist",
			);
			runOnlyForDeploymentPostprocessing = 0;
			shellPath = /bin/sh;
			shellScript = "\"${PODS_ROOT}/Target Support Files/Pods-Weather/Pods-Weather-frameworks.sh\"\n";
			showEnvVarsInLog = 0;
		};
		3B862C4D5A018C861936ED09 /* [CP] Check Pods Manifest.lock */ = {
			isa = PBXShellScriptBuildPhase;
			buildActionMask = 2147483647;
			files = (
			);
			inputFileListPaths = (
			);
			inputPaths = (
				"${PODS_PODFILE_DIR_PATH}/Podfile.lock",
				"${PODS_ROOT}/Manifest.lock",
			);
			name = "[CP] Check Pods Manifest.lock";
			outputFileListPaths = (
			);
			outputPaths = (
				"$(DERIVED_FILE_DIR)/Pods-Weather-checkManifestLockResult.txt",
			);
			runOnlyForDeploymentPostprocessing = 0;
			shellPath = /bin/sh;
			shellScript = "diff \"${PODS_PODFILE_DIR_PATH}/Podfile.lock\" \"${PODS_ROOT}/Manifest.lock\" > /dev/null\nif [ $? != 0 ] ; then\n    # print error to STDERR\n    echo \"error: The sandbox is not in sync with the Podfile.lock. Run 'pod install' or update your CocoaPods installation.\" >&2\n    exit 1\nfi\n# This output is used by Xcode 'outputs' to avoid re-running this script phase.\necho \"SUCCESS\" > \"${SCRIPT_OUTPUT_FILE_0}\"\n";
			showEnvVarsInLog = 0;
		};
/* End PBXShellScriptBuildPhase section */

/* Begin PBXSourcesBuildPhase section */
		1890584F2C410BF800401FA2 /* Sources */ = {
			isa = PBXSourcesBuildPhase;
			buildActionMask = 2147483647;
			files = (
				189058702C41126100401FA2 /* Weather.swift in Sources */,
				188A5E7F2C412F720028D9E5 /* Weatherdetails.swift in Sources */,
				1890585B2C410BF800401FA2 /* ViewController.swift in Sources */,
				189058722C4112B700401FA2 /* API_Manager.swift in Sources */,
				189058572C410BF800401FA2 /* AppDelegate.swift in Sources */,
				189058592C410BF800401FA2 /* SceneDelegate.swift in Sources */,
			);
			runOnlyForDeploymentPostprocessing = 0;
		};
/* End PBXSourcesBuildPhase section */

/* Begin PBXVariantGroup section */
		1890585C2C410BF800401FA2 /* Main.storyboard */ = {
			isa = PBXVariantGroup;
			children = (
				1890585D2C410BF800401FA2 /* Base */,
			);
			name = Main.storyboard;
			sourceTree = "<group>";
		};
		189058612C410BFF00401FA2 /* LaunchScreen.storyboard */ = {
			isa = PBXVariantGroup;
			children = (
				189058622C410BFF00401FA2 /* Base */,
			);
			name = LaunchScreen.storyboard;
			sourceTree = "<group>";
		};
/* End PBXVariantGroup section */

/* Begin XCBuildConfiguration section */
		189058652C410BFF00401FA2 /* Debug */ = {
			isa = XCBuildConfiguration;
			buildSettings = {
				ALWAYS_SEARCH_USER_PATHS = NO;
				CLANG_ANALYZER_NONNULL = YES;
				CLANG_ANALYZER_NUMBER_OBJECT_CONVERSION = YES_AGGRESSIVE;
				CLANG_CXX_LANGUAGE_STANDARD = "gnu++17";
				CLANG_ENABLE_MODULES = YES;
				CLANG_ENABLE_OBJC_ARC = YES;
				CLANG_ENABLE_OBJC_WEAK = YES;
				CLANG_WARN_BLOCK_CAPTURE_AUTORELEASING = YES;
				CLANG_WARN_BOOL_CONVERSION = YES;
				CLANG_WARN_COMMA = YES;
				CLANG_WARN_CONSTANT_CONVERSION = YES;
				CLANG_WARN_DEPRECATED_OBJC_IMPLEMENTATIONS = YES;
				CLANG_WARN_DIRECT_OBJC_ISA_USAGE = YES_ERROR;
				CLANG_WARN_DOCUMENTATION_COMMENTS = YES;
				CLANG_WARN_EMPTY_BODY = YES;
				CLANG_WARN_ENUM_CONVERSION = YES;
				CLANG_WARN_INFINITE_RECURSION = YES;
				CLANG_WARN_INT_CONVERSION = YES;
				CLANG_WARN_NON_LITERAL_NULL_CONVERSION = YES;
				CLANG_WARN_OBJC_IMPLICIT_RETAIN_SELF = YES;
				CLANG_WARN_OBJC_LITERAL_CONVERSION = YES;
				CLANG_WARN_OBJC_ROOT_CLASS = YES_ERROR;
				CLANG_WARN_QUOTED_INCLUDE_IN_FRAMEWORK_HEADER = YES;
				CLANG_WARN_RANGE_LOOP_ANALYSIS = YES;
				CLANG_WARN_STRICT_PROTOTYPES = YES;
				CLANG_WARN_SUSPICIOUS_MOVE = YES;
				CLANG_WARN_UNGUARDED_AVAILABILITY = YES_AGGRESSIVE;
				CLANG_WARN_UNREACHABLE_CODE = YES;
				CLANG_WARN__DUPLICATE_METHOD_MATCH = YES;
				COPY_PHASE_STRIP = NO;
				DEBUG_INFORMATION_FORMAT = dwarf;
				ENABLE_STRICT_OBJC_MSGSEND = YES;
				ENABLE_TESTABILITY = YES;
				GCC_C_LANGUAGE_STANDARD = gnu11;
				GCC_DYNAMIC_NO_PIC = NO;
				GCC_NO_COMMON_BLOCKS = YES;
				GCC_OPTIMIZATION_LEVEL = 0;
				GCC_PREPROCESSOR_DEFINITIONS = (
					"DEBUG=1",
					"$(inherited)",
				);
				GCC_WARN_64_TO_32_BIT_CONVERSION = YES;
				GCC_WARN_ABOUT_RETURN_TYPE = YES_ERROR;
				GCC_WARN_UNDECLARED_SELECTOR = YES;
				GCC_WARN_UNINITIALIZED_AUTOS = YES_AGGRESSIVE;
				GCC_WARN_UNUSED_FUNCTION = YES;
				GCC_WARN_UNUSED_VARIABLE = YES;
				IPHONEOS_DEPLOYMENT_TARGET = 15.4;
				MTL_ENABLE_DEBUG_INFO = INCLUDE_SOURCE;
				MTL_FAST_MATH = YES;
				ONLY_ACTIVE_ARCH = YES;
				SDKROOT = iphoneos;
				SWIFT_ACTIVE_COMPILATION_CONDITIONS = DEBUG;
				SWIFT_OPTIMIZATION_LEVEL = "-Onone";
			};
			name = Debug;
		};
		189058662C410BFF00401FA2 /* Release */ = {
			isa = XCBuildConfiguration;
			buildSettings = {
				ALWAYS_SEARCH_USER_PATHS = NO;
				CLANG_ANALYZER_NONNULL = YES;
				CLANG_ANALYZER_NUMBER_OBJECT_CONVERSION = YES_AGGRESSIVE;
				CLANG_CXX_LANGUAGE_STANDARD = "gnu++17";
				CLANG_ENABLE_MODULES = YES;
				CLANG_ENABLE_OBJC_ARC = YES;
				CLANG_ENABLE_OBJC_WEAK = YES;
				CLANG_WARN_BLOCK_CAPTURE_AUTORELEASING = YES;
				CLANG_WARN_BOOL_CONVERSION = YES;
				CLANG_WARN_COMMA = YES;
				CLANG_WARN_CONSTANT_CONVERSION = YES;
				CLANG_WARN_DEPRECATED_OBJC_IMPLEMENTATIONS = YES;
				CLANG_WARN_DIRECT_OBJC_ISA_USAGE = YES_ERROR;
				CLANG_WARN_DOCUMENTATION_COMMENTS = YES;
				CLANG_WARN_EMPTY_BODY = YES;
				CLANG_WARN_ENUM_CONVERSION = YES;
				CLANG_WARN_INFINITE_RECURSION = YES;
				CLANG_WARN_INT_CONVERSION = YES;
				CLANG_WARN_NON_LITERAL_NULL_CONVERSION = YES;
				CLANG_WARN_OBJC_IMPLICIT_RETAIN_SELF = YES;
				CLANG_WARN_OBJC_LITERAL_CONVERSION = YES;
				CLANG_WARN_OBJC_ROOT_CLASS = YES_ERROR;
				CLANG_WARN_QUOTED_INCLUDE_IN_FRAMEWORK_HEADER = YES;
				CLANG_WARN_RANGE_LOOP_ANALYSIS = YES;
				CLANG_WARN_STRICT_PROTOTYPES = YES;
				CLANG_WARN_SUSPICIOUS_MOVE = YES;
				CLANG_WARN_UNGUARDED_AVAILABILITY = YES_AGGRESSIVE;
				CLANG_WARN_UNREACHABLE_CODE = YES;
				CLANG_WARN__DUPLICATE_METHOD_MATCH = YES;
				COPY_PHASE_STRIP = NO;
				DEBUG_INFORMATION_FORMAT = "dwarf-with-dsym";
				ENABLE_NS_ASSERTIONS = NO;
				ENABLE_STRICT_OBJC_MSGSEND = YES;
				GCC_C_LANGUAGE_STANDARD = gnu11;
				GCC_NO_COMMON_BLOCKS = YES;
				GCC_WARN_64_TO_32_BIT_CONVERSION = YES;
				GCC_WARN_ABOUT_RETURN_TYPE = YES_ERROR;
				GCC_WARN_UNDECLARED_SELECTOR = YES;
				GCC_WARN_UNINITIALIZED_AUTOS = YES_AGGRESSIVE;
				GCC_WARN_UNUSED_FUNCTION = YES;
				GCC_WARN_UNUSED_VARIABLE = YES;
				IPHONEOS_DEPLOYMENT_TARGET = 15.4;
				MTL_ENABLE_DEBUG_INFO = NO;
				MTL_FAST_MATH = YES;
				SDKROOT = iphoneos;
				SWIFT_COMPILATION_MODE = wholemodule;
				SWIFT_OPTIMIZATION_LEVEL = "-O";
				VALIDATE_PRODUCT = YES;
			};
			name = Release;
		};
		189058682C410BFF00401FA2 /* Debug */ = {
			isa = XCBuildConfiguration;
			baseConfigurationReference = 15293FDFBE014A8422F2F602 /* Pods-Weather.debug.xcconfig */;
			buildSettings = {
				ASSETCATALOG_COMPILER_APPICON_NAME = AppIcon;
				ASSETCATALOG_COMPILER_GLOBAL_ACCENT_COLOR_NAME = AccentColor;
				CODE_SIGN_STYLE = Automatic;
				CURRENT_PROJECT_VERSION = 1;
				DEVELOPMENT_TEAM = PLPCW5563M;
				GENERATE_INFOPLIST_FILE = YES;
				INFOPLIST_FILE = Weather/Info.plist;
				INFOPLIST_KEY_UIApplicationSupportsIndirectInputEvents = YES;
				INFOPLIST_KEY_UILaunchStoryboardName = LaunchScreen;
				INFOPLIST_KEY_UIMainStoryboardFile = Main;
				INFOPLIST_KEY_UISupportedInterfaceOrientations_iPad = "UIInterfaceOrientationPortrait UIInterfaceOrientationPortraitUpsideDown UIInterfaceOrientationLandscapeLeft UIInterfaceOrientationLandscapeRight";
				INFOPLIST_KEY_UISupportedInterfaceOrientations_iPhone = "UIInterfaceOrientationPortrait UIInterfaceOrientationLandscapeLeft UIInterfaceOrientationLandscapeRight";
				LD_RUNPATH_SEARCH_PATHS = (
					"$(inherited)",
					"@executable_path/Frameworks",
				);
				MARKETING_VERSION = 1.0;
				PRODUCT_BUNDLE_IDENTIFIER = com.digitalaptech.Weather;
				PRODUCT_NAME = "$(TARGET_NAME)";
				SWIFT_EMIT_LOC_STRINGS = YES;
				SWIFT_VERSION = 5.0;
				TARGETED_DEVICE_FAMILY = "1,2";
			};
			name = Debug;
		};
		189058692C410BFF00401FA2 /* Release */ = {
			isa = XCBuildConfiguration;
			baseConfigurationReference = 8FBB237E309061C721FC42EA /* Pods-Weather.release.xcconfig */;
			buildSettings = {
				ASSETCATALOG_COMPILER_APPICON_NAME = AppIcon;
				ASSETCATALOG_COMPILER_GLOBAL_ACCENT_COLOR_NAME = AccentColor;
				CODE_SIGN_STYLE = Automatic;
				CURRENT_PROJECT_VERSION = 1;
				DEVELOPMENT_TEAM = PLPCW5563M;
				GENERATE_INFOPLIST_FILE = YES;
				INFOPLIST_FILE = Weather/Info.plist;
				INFOPLIST_KEY_UIApplicationSupportsIndirectInputEvents = YES;
				INFOPLIST_KEY_UILaunchStoryboardName = LaunchScreen;
				INFOPLIST_KEY_UIMainStoryboardFile = Main;
				INFOPLIST_KEY_UISupportedInterfaceOrientations_iPad = "UIInterfaceOrientationPortrait UIInterfaceOrientationPortraitUpsideDown UIInterfaceOrientationLandscapeLeft UIInterfaceOrientationLandscapeRight";
				INFOPLIST_KEY_UISupportedInterfaceOrientations_iPhone = "UIInterfaceOrientationPortrait UIInterfaceOrientationLandscapeLeft UIInterfaceOrientationLandscapeRight";
				LD_RUNPATH_SEARCH_PATHS = (
					"$(inherited)",
					"@executable_path/Frameworks",
				);
				MARKETING_VERSION = 1.0;
				PRODUCT_BUNDLE_IDENTIFIER = com.digitalaptech.Weather;
				PRODUCT_NAME = "$(TARGET_NAME)";
				SWIFT_EMIT_LOC_STRINGS = YES;
				SWIFT_VERSION = 5.0;
				TARGETED_DEVICE_FAMILY = "1,2";
			};
			name = Release;
		};
/* End XCBuildConfiguration section */

/* Begin XCConfigurationList section */
		1890584E2C410BF800401FA2 /* Build configuration list for PBXProject "Weather" */ = {
			isa = XCConfigurationList;
			buildConfigurations = (
				189058652C410BFF00401FA2 /* Debug */,
				189058662C410BFF00401FA2 /* Release */,
			);
			defaultConfigurationIsVisible = 0;
			defaultConfigurationName = Release;
		};
		189058672C410BFF00401FA2 /* Build configuration list for PBXNativeTarget "Weather" */ = {
			isa = XCConfigurationList;
			buildConfigurations = (
				189058682C410BFF00401FA2 /* Debug */,
				189058692C410BFF00401FA2 /* Release */,
			);
			defaultConfigurationIsVisible = 0;
			defaultConfigurationName = Release;
		};
/* End XCConfigurationList section */
	};
	rootObject = 1890584B2C410BF800401FA2 /* Project object */;
}
